
Microsoft Visual Studio Solution File, Format Version 12.00
Project("{FAE04EC0-301F-11D3-BF4B-00C04F79EFBC}") = "FormBackend", "FormBackend\FormBackend.csproj", "{4DF3A68A-055B-4F1A-B197-3965240B788C}"
EndProject
Global
	GlobalSection(SolutionConfigurationPlatforms) = preSolution
		Debug|Any CPU = Debug|Any CPU
		Release|Any CPU = Release|Any CPU
	EndGlobalSection
	GlobalSection(ProjectConfigurationPlatforms) = postSolution
		{4DF3A68A-055B-4F1A-B197-3965240B788C}.Debug|Any CPU.ActiveCfg = Debug|Any CPU
		{4DF3A68A-055B-4F1A-B197-3965240B788C}.Debug|Any CPU.Build.0 = Debug|Any CPU
		{4DF3A68A-055B-4F1A-B197-3965240B788C}.Release|Any CPU.ActiveCfg = Release|Any CPU
		{4DF3A68A-055B-4F1A-B197-3965240B788C}.Release|Any CPU.Build.0 = Release|Any CPU
	EndGlobalSection
EndGlobal
